
Microsoft Visual Studio Solution File, Format Version 12.00
# Visual Studio Version 16
VisualStudioVersion = 16.0.29709.97
MinimumVisualStudioVersion = 10.0.40219.1
Project("{FAE04EC0-301F-11D3-BF4B-00C04F79EFBC}") = "E-Shop", "E-Shop\E-Shop.csproj", "{6DEDD03C-AF2E-4DA9-BE32-CC576C707526}"
EndProject
Project("{FAE04EC0-301F-11D3-BF4B-00C04F79EFBC}") = "E-Shop.Business", "E-Shop.Business\E-Shop.Business.csproj", "{94C57586-4B27-459D-89E0-1427A8823947}"
EndProject
Project("{FAE04EC0-301F-11D3-BF4B-00C04F79EFBC}") = "E-Shop.DAL", "E-Shop.DAL\E-Shop.DAL.csproj", "{41B512BA-8993-430B-8B78-AA355FB412A8}"
EndProject
Project("{FAE04EC0-301F-11D3-BF4B-00C04F79EFBC}") = "E-Shop.Entities", "E-Shop.Entities\E-Shop.Entities.csproj", "{3549A661-CE99-4F4C-92DB-BE4E25598243}"
EndProject
Global
	GlobalSection(SolutionConfigurationPlatforms) = preSolution
		Debug|Any CPU = Debug|Any CPU
		Release|Any CPU = Release|Any CPU
	EndGlobalSection
	GlobalSection(ProjectConfigurationPlatforms) = postSolution
		{6DEDD03C-AF2E-4DA9-BE32-CC576C707526}.Debug|Any CPU.ActiveCfg = Debug|Any CPU
		{6DEDD03C-AF2E-4DA9-BE32-CC576C707526}.Debug|Any CPU.Build.0 = Debug|Any CPU
		{6DEDD03C-AF2E-4DA9-BE32-CC576C707526}.Release|Any CPU.ActiveCfg = Release|Any CPU
		{6DEDD03C-AF2E-4DA9-BE32-CC576C707526}.Release|Any CPU.Build.0 = Release|Any CPU
		{94C57586-4B27-459D-89E0-1427A8823947}.Debug|Any CPU.ActiveCfg = Debug|Any CPU
		{94C57586-4B27-459D-89E0-1427A8823947}.Debug|Any CPU.Build.0 = Debug|Any CPU
		{94C57586-4B27-459D-89E0-1427A8823947}.Release|Any CPU.ActiveCfg = Release|Any CPU
		{94C57586-4B27-459D-89E0-1427A8823947}.Release|Any CPU.Build.0 = Release|Any CPU
		{41B512BA-8993-430B-8B78-AA355FB412A8}.Debug|Any CPU.ActiveCfg = Debug|Any CPU
		{41B512BA-8993-430B-8B78-AA355FB412A8}.Debug|Any CPU.Build.0 = Debug|Any CPU
		{41B512BA-8993-430B-8B78-AA355FB412A8}.Release|Any CPU.ActiveCfg = Release|Any CPU
		{41B512BA-8993-430B-8B78-AA355FB412A8}.Release|Any CPU.Build.0 = Release|Any CPU
		{3549A661-CE99-4F4C-92DB-BE4E25598243}.Debug|Any CPU.ActiveCfg = Debug|Any CPU
		{3549A661-CE99-4F4C-92DB-BE4E25598243}.Debug|Any CPU.Build.0 = Debug|Any CPU
		{3549A661-CE99-4F4C-92DB-BE4E25598243}.Release|Any CPU.ActiveCfg = Release|Any CPU
		{3549A661-CE99-4F4C-92DB-BE4E25598243}.Release|Any CPU.Build.0 = Release|Any CPU
	EndGlobalSection
	GlobalSection(SolutionProperties) = preSolution
		HideSolutionNode = FALSE
	EndGlobalSection
	GlobalSection(ExtensibilityGlobals) = postSolution
		SolutionGuid = {F6B8A65F-7413-471B-80FE-813EEE216269}
	EndGlobalSection
EndGlobal
