
Microsoft Visual Studio Solution File, Format Version 12.00
# Visual Studio Version 16
VisualStudioVersion = 16.0.29709.97
MinimumVisualStudioVersion = 10.0.40219.1
Project("{FAE04EC0-301F-11D3-BF4B-00C04F79EFBC}") = "E-Shop", "E-Shop\E-Shop.csproj", "{6DEDD03C-AF2E-4DA9-BE32-CC576C707526}"
EndProject
Project("{FAE04EC0-301F-11D3-BF4B-00C04F79EFBC}") = "E-Shop.Core", "E-Shop.Core\E-Shop.Core.csproj", "{759F13F2-BA1E-4E94-AC5A-2D05EDCE0A3B}"
EndProject
Project("{FAE04EC0-301F-11D3-BF4B-00C04F79EFBC}") = "E-Shop.Products", "E-Shop.Products\E-Shop.Products.csproj", "{D58AA958-9DFB-4E47-BF0F-317F0279CFBF}"
EndProject
Global
	GlobalSection(SolutionConfigurationPlatforms) = preSolution
		Debug|Any CPU = Debug|Any CPU
		Release|Any CPU = Release|Any CPU
	EndGlobalSection
	GlobalSection(ProjectConfigurationPlatforms) = postSolution
		{6DEDD03C-AF2E-4DA9-BE32-CC576C707526}.Debug|Any CPU.ActiveCfg = Debug|Any CPU
		{6DEDD03C-AF2E-4DA9-BE32-CC576C707526}.Debug|Any CPU.Build.0 = Debug|Any CPU
		{6DEDD03C-AF2E-4DA9-BE32-CC576C707526}.Release|Any CPU.ActiveCfg = Release|Any CPU
		{6DEDD03C-AF2E-4DA9-BE32-CC576C707526}.Release|Any CPU.Build.0 = Release|Any CPU
		{759F13F2-BA1E-4E94-AC5A-2D05EDCE0A3B}.Debug|Any CPU.ActiveCfg = Debug|Any CPU
		{759F13F2-BA1E-4E94-AC5A-2D05EDCE0A3B}.Debug|Any CPU.Build.0 = Debug|Any CPU
		{759F13F2-BA1E-4E94-AC5A-2D05EDCE0A3B}.Release|Any CPU.ActiveCfg = Release|Any CPU
		{759F13F2-BA1E-4E94-AC5A-2D05EDCE0A3B}.Release|Any CPU.Build.0 = Release|Any CPU
		{D58AA958-9DFB-4E47-BF0F-317F0279CFBF}.Debug|Any CPU.ActiveCfg = Debug|Any CPU
		{D58AA958-9DFB-4E47-BF0F-317F0279CFBF}.Debug|Any CPU.Build.0 = Debug|Any CPU
		{D58AA958-9DFB-4E47-BF0F-317F0279CFBF}.Release|Any CPU.ActiveCfg = Release|Any CPU
		{D58AA958-9DFB-4E47-BF0F-317F0279CFBF}.Release|Any CPU.Build.0 = Release|Any CPU
	EndGlobalSection
	GlobalSection(SolutionProperties) = preSolution
		HideSolutionNode = FALSE
	EndGlobalSection
	GlobalSection(ExtensibilityGlobals) = postSolution
		SolutionGuid = {F6B8A65F-7413-471B-80FE-813EEE216269}
	EndGlobalSection
EndGlobal
